
Microsoft Visual Studio Solution File, Format Version 12.00
# Visual Studio 14
VisualStudioVersion = 14.0.25420.1
MinimumVisualStudioVersion = 10.0.40219.1
Project("{FAE04EC0-301F-11D3-BF4B-00C04F79EFBC}") = "WebClientService", "WebClientService\WebClientService.csproj", "{72284085-15EE-47CC-8E1A-816946149970}"
EndProject
Project("{FAE04EC0-301F-11D3-BF4B-00C04F79EFBC}") = "Common", "Common\Common.csproj", "{58704E35-32F3-4086-A9C5-9C645F72A792}"
EndProject
Project("{FAE04EC0-301F-11D3-BF4B-00C04F79EFBC}") = "Model", "Model\Model.csproj", "{22C5FF48-A2C5-48EE-9B08-E44EA4BEAC07}"
EndProject
Global
	GlobalSection(SolutionConfigurationPlatforms) = preSolution
		Debug|Any CPU = Debug|Any CPU
		Release|Any CPU = Release|Any CPU
	EndGlobalSection
	GlobalSection(ProjectConfigurationPlatforms) = postSolution
		{72284085-15EE-47CC-8E1A-816946149970}.Debug|Any CPU.ActiveCfg = Debug|Any CPU
		{72284085-15EE-47CC-8E1A-816946149970}.Debug|Any CPU.Build.0 = Debug|Any CPU
		{72284085-15EE-47CC-8E1A-816946149970}.Release|Any CPU.ActiveCfg = Release|Any CPU
		{72284085-15EE-47CC-8E1A-816946149970}.Release|Any CPU.Build.0 = Release|Any CPU
		{58704E35-32F3-4086-A9C5-9C645F72A792}.Debug|Any CPU.ActiveCfg = Debug|Any CPU
		{58704E35-32F3-4086-A9C5-9C645F72A792}.Debug|Any CPU.Build.0 = Debug|Any CPU
		{58704E35-32F3-4086-A9C5-9C645F72A792}.Release|Any CPU.ActiveCfg = Release|Any CPU
		{58704E35-32F3-4086-A9C5-9C645F72A792}.Release|Any CPU.Build.0 = Release|Any CPU
		{22C5FF48-A2C5-48EE-9B08-E44EA4BEAC07}.Debug|Any CPU.ActiveCfg = Debug|Any CPU
		{22C5FF48-A2C5-48EE-9B08-E44EA4BEAC07}.Debug|Any CPU.Build.0 = Debug|Any CPU
		{22C5FF48-A2C5-48EE-9B08-E44EA4BEAC07}.Release|Any CPU.ActiveCfg = Release|Any CPU
		{22C5FF48-A2C5-48EE-9B08-E44EA4BEAC07}.Release|Any CPU.Build.0 = Release|Any CPU
	EndGlobalSection
	GlobalSection(SolutionProperties) = preSolution
		HideSolutionNode = FALSE
	EndGlobalSection
EndGlobal
